
Microsoft Visual Studio Solution File, Format Version 12.00
# Visual Studio Version 17
VisualStudioVersion = 17.11.35431.28
MinimumVisualStudioVersion = 10.0.40219.1
Project("{FAE04EC0-301F-11D3-BF4B-00C04F79EFBC}") = "PptxFileSizeAnalyzer", "PptxFileSizeAnalyzer\PptxFileSizeAnalyzer.csproj", "{FABD3C7C-4032-4F8A-9C5E-33B9B7A7F73E}"
EndProject
Global
	GlobalSection(SolutionConfigurationPlatforms) = preSolution
		Debug|Any CPU = Debug|Any CPU
		Release|Any CPU = Release|Any CPU
	EndGlobalSection
	GlobalSection(ProjectConfigurationPlatforms) = postSolution
		{FABD3C7C-4032-4F8A-9C5E-33B9B7A7F73E}.Debug|Any CPU.ActiveCfg = Debug|Any CPU
		{FABD3C7C-4032-4F8A-9C5E-33B9B7A7F73E}.Debug|Any CPU.Build.0 = Debug|Any CPU
		{FABD3C7C-4032-4F8A-9C5E-33B9B7A7F73E}.Release|Any CPU.ActiveCfg = Release|Any CPU
		{FABD3C7C-4032-4F8A-9C5E-33B9B7A7F73E}.Release|Any CPU.Build.0 = Release|Any CPU
	EndGlobalSection
	GlobalSection(SolutionProperties) = preSolution
		HideSolutionNode = FALSE
	EndGlobalSection
	GlobalSection(ExtensibilityGlobals) = postSolution
		SolutionGuid = {EA30FA3A-3656-422A-905E-EB3046453563}
	EndGlobalSection
EndGlobal
